
Microsoft Visual Studio Solution File, Format Version 9.00
# Visual Studio 2005
Project("{8BC9CEB8-8B4A-11D0-8D11-00A0C91BC942}") = "server_gui", "server_gui.vcproj", "{0549B29F-7737-4006-82F5-9244662A910F}"
EndProject
Global
	GlobalSection(SolutionConfigurationPlatforms) = preSolution
		Debug|Win32 = Debug|Win32
		Release|Win32 = Release|Win32
	EndGlobalSection
	GlobalSection(ProjectConfigurationPlatforms) = postSolution
		{0549B29F-7737-4006-82F5-9244662A910F}.Debug|Win32.ActiveCfg = Debug|Win32
		{0549B29F-7737-4006-82F5-9244662A910F}.Debug|Win32.Build.0 = Debug|Win32
		{0549B29F-7737-4006-82F5-9244662A910F}.Release|Win32.ActiveCfg = Release|Win32
		{0549B29F-7737-4006-82F5-9244662A910F}.Release|Win32.Build.0 = Release|Win32
	EndGlobalSection
	GlobalSection(SolutionProperties) = preSolution
		HideSolutionNode = FALSE
	EndGlobalSection
EndGlobal
